
Microsoft Visual Studio Solution File, Format Version 12.00
# Visual Studio Version 16
VisualStudioVersion = 16.0.31205.134
MinimumVisualStudioVersion = 10.0.40219.1
Project("{FAE04EC0-301F-11D3-BF4B-00C04F79EFBC}") = "OrderService", "OrderService\OrderService.csproj", "{95B57133-34DB-4353-8C45-F8C1906BCD9D}"
EndProject
Project("{FAE04EC0-301F-11D3-BF4B-00C04F79EFBC}") = "InventoryService", "InventoryService\InventoryService.csproj", "{66DD2951-79BA-4335-9560-4FFEFB4CBEE2}"
EndProject
Project("{FAE04EC0-301F-11D3-BF4B-00C04F79EFBC}") = "vertex-rms", "vertex-rms\vertex-rms.csproj", "{0CB12319-E787-44FD-A810-223B07476CA0}"
EndProject
Project("{FAE04EC0-301F-11D3-BF4B-00C04F79EFBC}") = "Infrastrastructure", "Infrastrastructure\Infrastrastructure.csproj", "{DAB18937-2C07-4510-A8BC-304E10415237}"
EndProject
Project("{FAE04EC0-301F-11D3-BF4B-00C04F79EFBC}") = "Domain", "Domain\Domain.csproj", "{DFE47F99-E7B1-4170-83B9-604ECB15130C}"
EndProject
Global
	GlobalSection(SolutionConfigurationPlatforms) = preSolution
		Debug|Any CPU = Debug|Any CPU
		Release|Any CPU = Release|Any CPU
	EndGlobalSection
	GlobalSection(ProjectConfigurationPlatforms) = postSolution
		{95B57133-34DB-4353-8C45-F8C1906BCD9D}.Debug|Any CPU.ActiveCfg = Debug|Any CPU
		{95B57133-34DB-4353-8C45-F8C1906BCD9D}.Debug|Any CPU.Build.0 = Debug|Any CPU
		{95B57133-34DB-4353-8C45-F8C1906BCD9D}.Release|Any CPU.ActiveCfg = Release|Any CPU
		{95B57133-34DB-4353-8C45-F8C1906BCD9D}.Release|Any CPU.Build.0 = Release|Any CPU
		{66DD2951-79BA-4335-9560-4FFEFB4CBEE2}.Debug|Any CPU.ActiveCfg = Debug|Any CPU
		{66DD2951-79BA-4335-9560-4FFEFB4CBEE2}.Debug|Any CPU.Build.0 = Debug|Any CPU
		{66DD2951-79BA-4335-9560-4FFEFB4CBEE2}.Release|Any CPU.ActiveCfg = Release|Any CPU
		{66DD2951-79BA-4335-9560-4FFEFB4CBEE2}.Release|Any CPU.Build.0 = Release|Any CPU
		{0CB12319-E787-44FD-A810-223B07476CA0}.Debug|Any CPU.ActiveCfg = Debug|Any CPU
		{0CB12319-E787-44FD-A810-223B07476CA0}.Debug|Any CPU.Build.0 = Debug|Any CPU
		{0CB12319-E787-44FD-A810-223B07476CA0}.Release|Any CPU.ActiveCfg = Release|Any CPU
		{0CB12319-E787-44FD-A810-223B07476CA0}.Release|Any CPU.Build.0 = Release|Any CPU
		{DAB18937-2C07-4510-A8BC-304E10415237}.Debug|Any CPU.ActiveCfg = Debug|Any CPU
		{DAB18937-2C07-4510-A8BC-304E10415237}.Debug|Any CPU.Build.0 = Debug|Any CPU
		{DAB18937-2C07-4510-A8BC-304E10415237}.Release|Any CPU.ActiveCfg = Release|Any CPU
		{DAB18937-2C07-4510-A8BC-304E10415237}.Release|Any CPU.Build.0 = Release|Any CPU
		{DFE47F99-E7B1-4170-83B9-604ECB15130C}.Debug|Any CPU.ActiveCfg = Debug|Any CPU
		{DFE47F99-E7B1-4170-83B9-604ECB15130C}.Debug|Any CPU.Build.0 = Debug|Any CPU
		{DFE47F99-E7B1-4170-83B9-604ECB15130C}.Release|Any CPU.ActiveCfg = Release|Any CPU
		{DFE47F99-E7B1-4170-83B9-604ECB15130C}.Release|Any CPU.Build.0 = Release|Any CPU
	EndGlobalSection
	GlobalSection(SolutionProperties) = preSolution
		HideSolutionNode = FALSE
	EndGlobalSection
	GlobalSection(ExtensibilityGlobals) = postSolution
		SolutionGuid = {AD288B0A-98A7-4D2B-A541-E1E692ED15D5}
	EndGlobalSection
EndGlobal
